
Microsoft Visual Studio Solution File, Format Version 12.00
# Visual Studio Version 16
VisualStudioVersion = 16.0.33423.256
MinimumVisualStudioVersion = 10.0.40219.1
Project("{FAE04EC0-301F-11D3-BF4B-00C04F79EFBC}") = "dz1_27.03", "dz1_27.03\dz1_27.03.csproj", "{1B409ED0-45AC-45C7-9C88-403B87BCEA32}"
EndProject
Global
	GlobalSection(SolutionConfigurationPlatforms) = preSolution
		Debug|Any CPU = Debug|Any CPU
		Release|Any CPU = Release|Any CPU
	EndGlobalSection
	GlobalSection(ProjectConfigurationPlatforms) = postSolution
		{1B409ED0-45AC-45C7-9C88-403B87BCEA32}.Debug|Any CPU.ActiveCfg = Debug|Any CPU
		{1B409ED0-45AC-45C7-9C88-403B87BCEA32}.Debug|Any CPU.Build.0 = Debug|Any CPU
		{1B409ED0-45AC-45C7-9C88-403B87BCEA32}.Release|Any CPU.ActiveCfg = Release|Any CPU
		{1B409ED0-45AC-45C7-9C88-403B87BCEA32}.Release|Any CPU.Build.0 = Release|Any CPU
	EndGlobalSection
	GlobalSection(SolutionProperties) = preSolution
		HideSolutionNode = FALSE
	EndGlobalSection
	GlobalSection(ExtensibilityGlobals) = postSolution
		SolutionGuid = {8592C926-4B50-4DE4-9876-E87AD6A88B36}
	EndGlobalSection
EndGlobal
